
Microsoft Visual Studio Solution File, Format Version 12.00
# Visual Studio 14
VisualStudioVersion = 14.0.24720.0
MinimumVisualStudioVersion = 10.0.40219.1
Project("{FAE04EC0-301F-11D3-BF4B-00C04F79EFBC}") = "NiHuaWoCaiGameClient", "NiHuaWoCaiGameClient\NiHuaWoCaiGameClient.csproj", "{17E8C3C5-2458-48A3-9FB2-E5C7B14C62DA}"
EndProject
Global
	GlobalSection(SolutionConfigurationPlatforms) = preSolution
		Debug|Any CPU = Debug|Any CPU
		Release|Any CPU = Release|Any CPU
	EndGlobalSection
	GlobalSection(ProjectConfigurationPlatforms) = postSolution
		{17E8C3C5-2458-48A3-9FB2-E5C7B14C62DA}.Debug|Any CPU.ActiveCfg = Debug|Any CPU
		{17E8C3C5-2458-48A3-9FB2-E5C7B14C62DA}.Debug|Any CPU.Build.0 = Debug|Any CPU
		{17E8C3C5-2458-48A3-9FB2-E5C7B14C62DA}.Release|Any CPU.ActiveCfg = Release|Any CPU
		{17E8C3C5-2458-48A3-9FB2-E5C7B14C62DA}.Release|Any CPU.Build.0 = Release|Any CPU
	EndGlobalSection
	GlobalSection(SolutionProperties) = preSolution
		HideSolutionNode = FALSE
	EndGlobalSection
EndGlobal
